
Microsoft Visual Studio Solution File, Format Version 12.00
# Visual Studio 15
VisualStudioVersion = 15.0.27703.2018
MinimumVisualStudioVersion = 10.0.40219.1
Project("{8BC9CEB8-8B4A-11D0-8D11-00A0C91BC942}") = "BaseViewer", "..\..\vcproj\BaseViewer\BaseViewer.vcxproj", "{C7E2CD0D-2216-4822-BB42-74A321BF2800}"
	ProjectSection(ProjectDependencies) = postProject
		{788C07CA-1374-46B9-9139-0275E6313BA8} = {788C07CA-1374-46B9-9139-0275E6313BA8}
	EndProjectSection
EndProject
Project("{8BC9CEB8-8B4A-11D0-8D11-00A0C91BC942}") = "BaseViewer-core", "..\..\vcproj\BaseViewer-core\BaseViewer-core.vcxproj", "{788C07CA-1374-46B9-9139-0275E6313BA8}"
	ProjectSection(ProjectDependencies) = postProject
		{47B88E00-948F-4BCF-A391-3AF686096FB9} = {47B88E00-948F-4BCF-A391-3AF686096FB9}
		{D6CEED10-6C49-4FBF-A6D7-1FAD5EA79182} = {D6CEED10-6C49-4FBF-A6D7-1FAD5EA79182}
	EndProjectSection
EndProject
Project("{8BC9CEB8-8B4A-11D0-8D11-00A0C91BC942}") = "remo-viewerfw-base", "..\..\vcproj\remo-viewerfw-base\remo-viewerfw-base.vcxproj", "{D6CEED10-6C49-4FBF-A6D7-1FAD5EA79182}"
EndProject
Project("{8BC9CEB8-8B4A-11D0-8D11-00A0C91BC942}") = "remo-viewerfw-managed", "..\..\vcproj\remo-viewerfw-managed\remo-viewerfw-managed.vcxproj", "{47B88E00-948F-4BCF-A391-3AF686096FB9}"
EndProject
Project("{FAE04EC0-301F-11D3-BF4B-00C04F79EFBC}") = "ConverterDLL", "..\..\..\..\ext\XRMConverter\XRMConverter\build\vc120\proj\ConverterDLL\ConverterDLL.csproj", "{B46A7AAC-35C6-49AB-BDFC-A01914EFD967}"
EndProject
Project("{FAE04EC0-301F-11D3-BF4B-00C04F79EFBC}") = "Catfood.Shapefile", "..\..\..\..\ext\XRMConverter\XRMConverter\build\vc120\proj\Catfood.Shapefile\Catfood.Shapefile.csproj", "{2086F1A5-3D34-40AD-80EF-C1943411451F}"
EndProject
Project("{FAE04EC0-301F-11D3-BF4B-00C04F79EFBC}") = "GeoLib", "..\..\..\..\ext\XRMConverter\XRMConverter\build\vc120\proj\GeoLib\GeoLib.csproj", "{475BF0FA-AE53-4868-99AC-F43333E2E218}"
EndProject
Project("{8BC9CEB8-8B4A-11D0-8D11-00A0C91BC942}") = "GeoLibNative", "..\..\..\..\ext\XRMConverter\XRMConverter\build\vc120\proj\GeoLibNative\GeoLibNative.vcxproj", "{9DBAFBCE-1076-4339-87B5-DDBC53EFC560}"
EndProject
Project("{8BC9CEB8-8B4A-11D0-8D11-00A0C91BC942}") = "Poly2TriWrapper", "..\..\..\..\ext\XRMConverter\XRMConverter\build\vc120\proj\Poly2TriWrapper\Poly2TriWrapper.vcxproj", "{4E79D4CD-C463-4C44-9E4B-EC8BD131984D}"
EndProject
Project("{FAE04EC0-301F-11D3-BF4B-00C04F79EFBC}") = "GdDataComLib", "..\..\..\..\..\..\Hitz\ガイダンス開発\Src\GuidanceCore\GdDataComLib\GdDataComLib.csproj", "{6A207AC1-4C95-453B-A1CD-AC9C85A41E77}"
EndProject
Project("{FAE04EC0-301F-11D3-BF4B-00C04F79EFBC}") = "ShapeLib", "..\..\..\..\..\..\Hitz\ガイダンス開発\Src\GuidanceCore\ShapeLib\ShapeLib.csproj", "{435E931E-E97D-49B3-AE5F-36D887D1A6B0}"
EndProject
Global
	GlobalSection(SolutionConfigurationPlatforms) = preSolution
		Debug|Any CPU = Debug|Any CPU
		Debug|Mixed Platforms = Debug|Mixed Platforms
		Debug|Win32 = Debug|Win32
		Debug|x64 = Debug|x64
		Debug|x86 = Debug|x86
		Release|Any CPU = Release|Any CPU
		Release|Mixed Platforms = Release|Mixed Platforms
		Release|Win32 = Release|Win32
		Release|x64 = Release|x64
		Release|x86 = Release|x86
	EndGlobalSection
	GlobalSection(ProjectConfigurationPlatforms) = postSolution
		{C7E2CD0D-2216-4822-BB42-74A321BF2800}.Debug|Any CPU.ActiveCfg = Debug|Win32
		{C7E2CD0D-2216-4822-BB42-74A321BF2800}.Debug|Mixed Platforms.ActiveCfg = Debug|Win32
		{C7E2CD0D-2216-4822-BB42-74A321BF2800}.Debug|Mixed Platforms.Build.0 = Debug|Win32
		{C7E2CD0D-2216-4822-BB42-74A321BF2800}.Debug|Win32.ActiveCfg = Debug|Win32
		{C7E2CD0D-2216-4822-BB42-74A321BF2800}.Debug|Win32.Build.0 = Debug|Win32
		{C7E2CD0D-2216-4822-BB42-74A321BF2800}.Debug|Win32.Deploy.0 = Debug|Win32
		{C7E2CD0D-2216-4822-BB42-74A321BF2800}.Debug|x64.ActiveCfg = Debug|x64
		{C7E2CD0D-2216-4822-BB42-74A321BF2800}.Debug|x64.Build.0 = Debug|x64
		{C7E2CD0D-2216-4822-BB42-74A321BF2800}.Debug|x86.ActiveCfg = Debug|Win32
		{C7E2CD0D-2216-4822-BB42-74A321BF2800}.Debug|x86.Build.0 = Debug|Win32
		{C7E2CD0D-2216-4822-BB42-74A321BF2800}.Release|Any CPU.ActiveCfg = Release|Win32
		{C7E2CD0D-2216-4822-BB42-74A321BF2800}.Release|Mixed Platforms.ActiveCfg = Release|Win32
		{C7E2CD0D-2216-4822-BB42-74A321BF2800}.Release|Mixed Platforms.Build.0 = Release|Win32
		{C7E2CD0D-2216-4822-BB42-74A321BF2800}.Release|Win32.ActiveCfg = Release|Win32
		{C7E2CD0D-2216-4822-BB42-74A321BF2800}.Release|Win32.Build.0 = Release|Win32
		{C7E2CD0D-2216-4822-BB42-74A321BF2800}.Release|x64.ActiveCfg = Release|x64
		{C7E2CD0D-2216-4822-BB42-74A321BF2800}.Release|x64.Build.0 = Release|x64
		{C7E2CD0D-2216-4822-BB42-74A321BF2800}.Release|x86.ActiveCfg = Release|Win32
		{C7E2CD0D-2216-4822-BB42-74A321BF2800}.Release|x86.Build.0 = Release|Win32
		{788C07CA-1374-46B9-9139-0275E6313BA8}.Debug|Any CPU.ActiveCfg = Debug|Win32
		{788C07CA-1374-46B9-9139-0275E6313BA8}.Debug|Mixed Platforms.ActiveCfg = Debug|Win32
		{788C07CA-1374-46B9-9139-0275E6313BA8}.Debug|Mixed Platforms.Build.0 = Debug|Win32
		{788C07CA-1374-46B9-9139-0275E6313BA8}.Debug|Win32.ActiveCfg = Debug|Win32
		{788C07CA-1374-46B9-9139-0275E6313BA8}.Debug|Win32.Build.0 = Debug|Win32
		{788C07CA-1374-46B9-9139-0275E6313BA8}.Debug|Win32.Deploy.0 = Debug|Win32
		{788C07CA-1374-46B9-9139-0275E6313BA8}.Debug|x64.ActiveCfg = Debug|x64
		{788C07CA-1374-46B9-9139-0275E6313BA8}.Debug|x64.Build.0 = Debug|x64
		{788C07CA-1374-46B9-9139-0275E6313BA8}.Debug|x86.ActiveCfg = Debug|Win32
		{788C07CA-1374-46B9-9139-0275E6313BA8}.Debug|x86.Build.0 = Debug|Win32
		{788C07CA-1374-46B9-9139-0275E6313BA8}.Release|Any CPU.ActiveCfg = Release|Win32
		{788C07CA-1374-46B9-9139-0275E6313BA8}.Release|Mixed Platforms.ActiveCfg = Release|Win32
		{788C07CA-1374-46B9-9139-0275E6313BA8}.Release|Mixed Platforms.Build.0 = Release|Win32
		{788C07CA-1374-46B9-9139-0275E6313BA8}.Release|Win32.ActiveCfg = Release|Win32
		{788C07CA-1374-46B9-9139-0275E6313BA8}.Release|Win32.Build.0 = Release|Win32
		{788C07CA-1374-46B9-9139-0275E6313BA8}.Release|x64.ActiveCfg = Release|x64
		{788C07CA-1374-46B9-9139-0275E6313BA8}.Release|x64.Build.0 = Release|x64
		{788C07CA-1374-46B9-9139-0275E6313BA8}.Release|x86.ActiveCfg = Release|Win32
		{788C07CA-1374-46B9-9139-0275E6313BA8}.Release|x86.Build.0 = Release|Win32
		{D6CEED10-6C49-4FBF-A6D7-1FAD5EA79182}.Debug|Any CPU.ActiveCfg = Debug|Win32
		{D6CEED10-6C49-4FBF-A6D7-1FAD5EA79182}.Debug|Mixed Platforms.ActiveCfg = Debug|Win32
		{D6CEED10-6C49-4FBF-A6D7-1FAD5EA79182}.Debug|Mixed Platforms.Build.0 = Debug|Win32
		{D6CEED10-6C49-4FBF-A6D7-1FAD5EA79182}.Debug|Win32.ActiveCfg = Debug|Win32
		{D6CEED10-6C49-4FBF-A6D7-1FAD5EA79182}.Debug|Win32.Build.0 = Debug|Win32
		{D6CEED10-6C49-4FBF-A6D7-1FAD5EA79182}.Debug|x64.ActiveCfg = Debug|x64
		{D6CEED10-6C49-4FBF-A6D7-1FAD5EA79182}.Debug|x64.Build.0 = Debug|x64
		{D6CEED10-6C49-4FBF-A6D7-1FAD5EA79182}.Debug|x86.ActiveCfg = Debug|Win32
		{D6CEED10-6C49-4FBF-A6D7-1FAD5EA79182}.Debug|x86.Build.0 = Debug|Win32
		{D6CEED10-6C49-4FBF-A6D7-1FAD5EA79182}.Release|Any CPU.ActiveCfg = Release|Win32
		{D6CEED10-6C49-4FBF-A6D7-1FAD5EA79182}.Release|Mixed Platforms.ActiveCfg = Release|Win32
		{D6CEED10-6C49-4FBF-A6D7-1FAD5EA79182}.Release|Mixed Platforms.Build.0 = Release|Win32
		{D6CEED10-6C49-4FBF-A6D7-1FAD5EA79182}.Release|Win32.ActiveCfg = Release|Win32
		{D6CEED10-6C49-4FBF-A6D7-1FAD5EA79182}.Release|Win32.Build.0 = Release|Win32
		{D6CEED10-6C49-4FBF-A6D7-1FAD5EA79182}.Release|x64.ActiveCfg = Release|x64
		{D6CEED10-6C49-4FBF-A6D7-1FAD5EA79182}.Release|x64.Build.0 = Release|x64
		{D6CEED10-6C49-4FBF-A6D7-1FAD5EA79182}.Release|x86.ActiveCfg = Release|Win32
		{D6CEED10-6C49-4FBF-A6D7-1FAD5EA79182}.Release|x86.Build.0 = Release|Win32
		{47B88E00-948F-4BCF-A391-3AF686096FB9}.Debug|Any CPU.ActiveCfg = Debug|Win32
		{47B88E00-948F-4BCF-A391-3AF686096FB9}.Debug|Mixed Platforms.ActiveCfg = Debug|Win32
		{47B88E00-948F-4BCF-A391-3AF686096FB9}.Debug|Mixed Platforms.Build.0 = Debug|Win32
		{47B88E00-948F-4BCF-A391-3AF686096FB9}.Debug|Win32.ActiveCfg = Debug|Win32
		{47B88E00-948F-4BCF-A391-3AF686096FB9}.Debug|Win32.Build.0 = Debug|Win32
		{47B88E00-948F-4BCF-A391-3AF686096FB9}.Debug|x64.ActiveCfg = Debug|x64
		{47B88E00-948F-4BCF-A391-3AF686096FB9}.Debug|x64.Build.0 = Debug|x64
		{47B88E00-948F-4BCF-A391-3AF686096FB9}.Debug|x86.ActiveCfg = Debug|Win32
		{47B88E00-948F-4BCF-A391-3AF686096FB9}.Debug|x86.Build.0 = Debug|Win32
		{47B88E00-948F-4BCF-A391-3AF686096FB9}.Release|Any CPU.ActiveCfg = Release|Win32
		{47B88E00-948F-4BCF-A391-3AF686096FB9}.Release|Mixed Platforms.ActiveCfg = Release|Win32
		{47B88E00-948F-4BCF-A391-3AF686096FB9}.Release|Mixed Platforms.Build.0 = Release|Win32
		{47B88E00-948F-4BCF-A391-3AF686096FB9}.Release|Win32.ActiveCfg = Release|Win32
		{47B88E00-948F-4BCF-A391-3AF686096FB9}.Release|Win32.Build.0 = Release|Win32
		{47B88E00-948F-4BCF-A391-3AF686096FB9}.Release|x64.ActiveCfg = Release|x64
		{47B88E00-948F-4BCF-A391-3AF686096FB9}.Release|x64.Build.0 = Release|x64
		{47B88E00-948F-4BCF-A391-3AF686096FB9}.Release|x86.ActiveCfg = Release|Win32
		{47B88E00-948F-4BCF-A391-3AF686096FB9}.Release|x86.Build.0 = Release|Win32
		{B46A7AAC-35C6-49AB-BDFC-A01914EFD967}.Debug|Any CPU.ActiveCfg = Debug|x86
		{B46A7AAC-35C6-49AB-BDFC-A01914EFD967}.Debug|Mixed Platforms.ActiveCfg = Debug|x86
		{B46A7AAC-35C6-49AB-BDFC-A01914EFD967}.Debug|Mixed Platforms.Build.0 = Debug|x86
		{B46A7AAC-35C6-49AB-BDFC-A01914EFD967}.Debug|Win32.ActiveCfg = Debug|x86
		{B46A7AAC-35C6-49AB-BDFC-A01914EFD967}.Debug|Win32.Build.0 = Debug|x86
		{B46A7AAC-35C6-49AB-BDFC-A01914EFD967}.Debug|x64.ActiveCfg = Debug|x86
		{B46A7AAC-35C6-49AB-BDFC-A01914EFD967}.Debug|x86.ActiveCfg = Debug|x86
		{B46A7AAC-35C6-49AB-BDFC-A01914EFD967}.Debug|x86.Build.0 = Debug|x86
		{B46A7AAC-35C6-49AB-BDFC-A01914EFD967}.Release|Any CPU.ActiveCfg = Release|x86
		{B46A7AAC-35C6-49AB-BDFC-A01914EFD967}.Release|Mixed Platforms.ActiveCfg = Release|x86
		{B46A7AAC-35C6-49AB-BDFC-A01914EFD967}.Release|Mixed Platforms.Build.0 = Release|x86
		{B46A7AAC-35C6-49AB-BDFC-A01914EFD967}.Release|Win32.ActiveCfg = Release|x86
		{B46A7AAC-35C6-49AB-BDFC-A01914EFD967}.Release|Win32.Build.0 = Release|x86
		{B46A7AAC-35C6-49AB-BDFC-A01914EFD967}.Release|x64.ActiveCfg = Release|x86
		{B46A7AAC-35C6-49AB-BDFC-A01914EFD967}.Release|x86.ActiveCfg = Release|x86
		{B46A7AAC-35C6-49AB-BDFC-A01914EFD967}.Release|x86.Build.0 = Release|x86
		{2086F1A5-3D34-40AD-80EF-C1943411451F}.Debug|Any CPU.ActiveCfg = Debug|Any CPU
		{2086F1A5-3D34-40AD-80EF-C1943411451F}.Debug|Any CPU.Build.0 = Debug|Any CPU
		{2086F1A5-3D34-40AD-80EF-C1943411451F}.Debug|Mixed Platforms.ActiveCfg = Debug|Any CPU
		{2086F1A5-3D34-40AD-80EF-C1943411451F}.Debug|Mixed Platforms.Build.0 = Debug|Any CPU
		{2086F1A5-3D34-40AD-80EF-C1943411451F}.Debug|Win32.ActiveCfg = Debug|Any CPU
		{2086F1A5-3D34-40AD-80EF-C1943411451F}.Debug|Win32.Build.0 = Debug|Any CPU
		{2086F1A5-3D34-40AD-80EF-C1943411451F}.Debug|x64.ActiveCfg = Debug|Any CPU
		{2086F1A5-3D34-40AD-80EF-C1943411451F}.Debug|x64.Build.0 = Debug|Any CPU
		{2086F1A5-3D34-40AD-80EF-C1943411451F}.Debug|x86.ActiveCfg = Debug|Any CPU
		{2086F1A5-3D34-40AD-80EF-C1943411451F}.Debug|x86.Build.0 = Debug|Any CPU
		{2086F1A5-3D34-40AD-80EF-C1943411451F}.Release|Any CPU.ActiveCfg = Release|Any CPU
		{2086F1A5-3D34-40AD-80EF-C1943411451F}.Release|Any CPU.Build.0 = Release|Any CPU
		{2086F1A5-3D34-40AD-80EF-C1943411451F}.Release|Mixed Platforms.ActiveCfg = Release|Any CPU
		{2086F1A5-3D34-40AD-80EF-C1943411451F}.Release|Mixed Platforms.Build.0 = Release|Any CPU
		{2086F1A5-3D34-40AD-80EF-C1943411451F}.Release|Win32.ActiveCfg = Release|Any CPU
		{2086F1A5-3D34-40AD-80EF-C1943411451F}.Release|Win32.Build.0 = Release|Any CPU
		{2086F1A5-3D34-40AD-80EF-C1943411451F}.Release|x64.ActiveCfg = Release|Any CPU
		{2086F1A5-3D34-40AD-80EF-C1943411451F}.Release|x64.Build.0 = Release|Any CPU
		{2086F1A5-3D34-40AD-80EF-C1943411451F}.Release|x86.ActiveCfg = Release|Any CPU
		{2086F1A5-3D34-40AD-80EF-C1943411451F}.Release|x86.Build.0 = Release|Any CPU
		{475BF0FA-AE53-4868-99AC-F43333E2E218}.Debug|Any CPU.ActiveCfg = Debug|x86
		{475BF0FA-AE53-4868-99AC-F43333E2E218}.Debug|Mixed Platforms.ActiveCfg = Debug|x86
		{475BF0FA-AE53-4868-99AC-F43333E2E218}.Debug|Mixed Platforms.Build.0 = Debug|x86
		{475BF0FA-AE53-4868-99AC-F43333E2E218}.Debug|Win32.ActiveCfg = Debug|x86
		{475BF0FA-AE53-4868-99AC-F43333E2E218}.Debug|Win32.Build.0 = Debug|x86
		{475BF0FA-AE53-4868-99AC-F43333E2E218}.Debug|x64.ActiveCfg = Debug|x86
		{475BF0FA-AE53-4868-99AC-F43333E2E218}.Debug|x86.ActiveCfg = Debug|x86
		{475BF0FA-AE53-4868-99AC-F43333E2E218}.Debug|x86.Build.0 = Debug|x86
		{475BF0FA-AE53-4868-99AC-F43333E2E218}.Release|Any CPU.ActiveCfg = Release|x86
		{475BF0FA-AE53-4868-99AC-F43333E2E218}.Release|Mixed Platforms.ActiveCfg = Release|x86
		{475BF0FA-AE53-4868-99AC-F43333E2E218}.Release|Mixed Platforms.Build.0 = Release|x86
		{475BF0FA-AE53-4868-99AC-F43333E2E218}.Release|Win32.ActiveCfg = Release|x86
		{475BF0FA-AE53-4868-99AC-F43333E2E218}.Release|Win32.Build.0 = Release|x86
		{475BF0FA-AE53-4868-99AC-F43333E2E218}.Release|x64.ActiveCfg = Release|x86
		{475BF0FA-AE53-4868-99AC-F43333E2E218}.Release|x86.ActiveCfg = Release|x86
		{475BF0FA-AE53-4868-99AC-F43333E2E218}.Release|x86.Build.0 = Release|x86
		{9DBAFBCE-1076-4339-87B5-DDBC53EFC560}.Debug|Any CPU.ActiveCfg = Debug|Win32
		{9DBAFBCE-1076-4339-87B5-DDBC53EFC560}.Debug|Mixed Platforms.ActiveCfg = Debug|Win32
		{9DBAFBCE-1076-4339-87B5-DDBC53EFC560}.Debug|Mixed Platforms.Build.0 = Debug|Win32
		{9DBAFBCE-1076-4339-87B5-DDBC53EFC560}.Debug|Win32.ActiveCfg = Debug|Win32
		{9DBAFBCE-1076-4339-87B5-DDBC53EFC560}.Debug|Win32.Build.0 = Debug|Win32
		{9DBAFBCE-1076-4339-87B5-DDBC53EFC560}.Debug|x64.ActiveCfg = Debug|Win32
		{9DBAFBCE-1076-4339-87B5-DDBC53EFC560}.Debug|x86.ActiveCfg = Debug|Win32
		{9DBAFBCE-1076-4339-87B5-DDBC53EFC560}.Debug|x86.Build.0 = Debug|Win32
		{9DBAFBCE-1076-4339-87B5-DDBC53EFC560}.Release|Any CPU.ActiveCfg = Release|Win32
		{9DBAFBCE-1076-4339-87B5-DDBC53EFC560}.Release|Mixed Platforms.ActiveCfg = Release|Win32
		{9DBAFBCE-1076-4339-87B5-DDBC53EFC560}.Release|Mixed Platforms.Build.0 = Release|Win32
		{9DBAFBCE-1076-4339-87B5-DDBC53EFC560}.Release|Win32.ActiveCfg = Release|Win32
		{9DBAFBCE-1076-4339-87B5-DDBC53EFC560}.Release|Win32.Build.0 = Release|Win32
		{9DBAFBCE-1076-4339-87B5-DDBC53EFC560}.Release|x64.ActiveCfg = Release|Win32
		{9DBAFBCE-1076-4339-87B5-DDBC53EFC560}.Release|x86.ActiveCfg = Release|Win32
		{9DBAFBCE-1076-4339-87B5-DDBC53EFC560}.Release|x86.Build.0 = Release|Win32
		{4E79D4CD-C463-4C44-9E4B-EC8BD131984D}.Debug|Any CPU.ActiveCfg = Debug|Win32
		{4E79D4CD-C463-4C44-9E4B-EC8BD131984D}.Debug|Mixed Platforms.ActiveCfg = Debug|Win32
		{4E79D4CD-C463-4C44-9E4B-EC8BD131984D}.Debug|Mixed Platforms.Build.0 = Debug|Win32
		{4E79D4CD-C463-4C44-9E4B-EC8BD131984D}.Debug|Win32.ActiveCfg = Debug|Win32
		{4E79D4CD-C463-4C44-9E4B-EC8BD131984D}.Debug|Win32.Build.0 = Debug|Win32
		{4E79D4CD-C463-4C44-9E4B-EC8BD131984D}.Debug|x64.ActiveCfg = Debug|Win32
		{4E79D4CD-C463-4C44-9E4B-EC8BD131984D}.Debug|x86.ActiveCfg = Debug|Win32
		{4E79D4CD-C463-4C44-9E4B-EC8BD131984D}.Debug|x86.Build.0 = Debug|Win32
		{4E79D4CD-C463-4C44-9E4B-EC8BD131984D}.Release|Any CPU.ActiveCfg = Release|Win32
		{4E79D4CD-C463-4C44-9E4B-EC8BD131984D}.Release|Mixed Platforms.ActiveCfg = Release|Win32
		{4E79D4CD-C463-4C44-9E4B-EC8BD131984D}.Release|Mixed Platforms.Build.0 = Release|Win32
		{4E79D4CD-C463-4C44-9E4B-EC8BD131984D}.Release|Win32.ActiveCfg = Release|Win32
		{4E79D4CD-C463-4C44-9E4B-EC8BD131984D}.Release|Win32.Build.0 = Release|Win32
		{4E79D4CD-C463-4C44-9E4B-EC8BD131984D}.Release|x64.ActiveCfg = Release|Win32
		{4E79D4CD-C463-4C44-9E4B-EC8BD131984D}.Release|x86.ActiveCfg = Release|Win32
		{4E79D4CD-C463-4C44-9E4B-EC8BD131984D}.Release|x86.Build.0 = Release|Win32
		{6A207AC1-4C95-453B-A1CD-AC9C85A41E77}.Debug|Any CPU.ActiveCfg = Debug|Any CPU
		{6A207AC1-4C95-453B-A1CD-AC9C85A41E77}.Debug|Any CPU.Build.0 = Debug|Any CPU
		{6A207AC1-4C95-453B-A1CD-AC9C85A41E77}.Debug|Mixed Platforms.ActiveCfg = Debug|x86
		{6A207AC1-4C95-453B-A1CD-AC9C85A41E77}.Debug|Mixed Platforms.Build.0 = Debug|x86
		{6A207AC1-4C95-453B-A1CD-AC9C85A41E77}.Debug|Win32.ActiveCfg = Debug|x86
		{6A207AC1-4C95-453B-A1CD-AC9C85A41E77}.Debug|Win32.Build.0 = Debug|x86
		{6A207AC1-4C95-453B-A1CD-AC9C85A41E77}.Debug|x64.ActiveCfg = Debug|x64
		{6A207AC1-4C95-453B-A1CD-AC9C85A41E77}.Debug|x64.Build.0 = Debug|x64
		{6A207AC1-4C95-453B-A1CD-AC9C85A41E77}.Debug|x86.ActiveCfg = Debug|x86
		{6A207AC1-4C95-453B-A1CD-AC9C85A41E77}.Debug|x86.Build.0 = Debug|x86
		{6A207AC1-4C95-453B-A1CD-AC9C85A41E77}.Release|Any CPU.ActiveCfg = Release|Any CPU
		{6A207AC1-4C95-453B-A1CD-AC9C85A41E77}.Release|Any CPU.Build.0 = Release|Any CPU
		{6A207AC1-4C95-453B-A1CD-AC9C85A41E77}.Release|Mixed Platforms.ActiveCfg = Release|x86
		{6A207AC1-4C95-453B-A1CD-AC9C85A41E77}.Release|Mixed Platforms.Build.0 = Release|x86
		{6A207AC1-4C95-453B-A1CD-AC9C85A41E77}.Release|Win32.ActiveCfg = Release|x86
		{6A207AC1-4C95-453B-A1CD-AC9C85A41E77}.Release|Win32.Build.0 = Release|x86
		{6A207AC1-4C95-453B-A1CD-AC9C85A41E77}.Release|x64.ActiveCfg = Release|x64
		{6A207AC1-4C95-453B-A1CD-AC9C85A41E77}.Release|x64.Build.0 = Release|x64
		{6A207AC1-4C95-453B-A1CD-AC9C85A41E77}.Release|x86.ActiveCfg = Release|x86
		{6A207AC1-4C95-453B-A1CD-AC9C85A41E77}.Release|x86.Build.0 = Release|x86
		{435E931E-E97D-49B3-AE5F-36D887D1A6B0}.Debug|Any CPU.ActiveCfg = Debug|Any CPU
		{435E931E-E97D-49B3-AE5F-36D887D1A6B0}.Debug|Any CPU.Build.0 = Debug|Any CPU
		{435E931E-E97D-49B3-AE5F-36D887D1A6B0}.Debug|Mixed Platforms.ActiveCfg = Debug|x86
		{435E931E-E97D-49B3-AE5F-36D887D1A6B0}.Debug|Mixed Platforms.Build.0 = Debug|x86
		{435E931E-E97D-49B3-AE5F-36D887D1A6B0}.Debug|Win32.ActiveCfg = Debug|x86
		{435E931E-E97D-49B3-AE5F-36D887D1A6B0}.Debug|Win32.Build.0 = Debug|x86
		{435E931E-E97D-49B3-AE5F-36D887D1A6B0}.Debug|x64.ActiveCfg = Debug|x64
		{435E931E-E97D-49B3-AE5F-36D887D1A6B0}.Debug|x64.Build.0 = Debug|x64
		{435E931E-E97D-49B3-AE5F-36D887D1A6B0}.Debug|x86.ActiveCfg = Debug|x86
		{435E931E-E97D-49B3-AE5F-36D887D1A6B0}.Debug|x86.Build.0 = Debug|x86
		{435E931E-E97D-49B3-AE5F-36D887D1A6B0}.Release|Any CPU.ActiveCfg = Release|Any CPU
		{435E931E-E97D-49B3-AE5F-36D887D1A6B0}.Release|Any CPU.Build.0 = Release|Any CPU
		{435E931E-E97D-49B3-AE5F-36D887D1A6B0}.Release|Mixed Platforms.ActiveCfg = Release|x86
		{435E931E-E97D-49B3-AE5F-36D887D1A6B0}.Release|Mixed Platforms.Build.0 = Release|x86
		{435E931E-E97D-49B3-AE5F-36D887D1A6B0}.Release|Win32.ActiveCfg = Release|x86
		{435E931E-E97D-49B3-AE5F-36D887D1A6B0}.Release|Win32.Build.0 = Release|x86
		{435E931E-E97D-49B3-AE5F-36D887D1A6B0}.Release|x64.ActiveCfg = Release|x64
		{435E931E-E97D-49B3-AE5F-36D887D1A6B0}.Release|x64.Build.0 = Release|x64
		{435E931E-E97D-49B3-AE5F-36D887D1A6B0}.Release|x86.ActiveCfg = Release|x86
		{435E931E-E97D-49B3-AE5F-36D887D1A6B0}.Release|x86.Build.0 = Release|x86
	EndGlobalSection
	GlobalSection(SolutionProperties) = preSolution
		HideSolutionNode = FALSE
	EndGlobalSection
	GlobalSection(ExtensibilityGlobals) = postSolution
		SolutionGuid = {4211A075-FEC4-4ADE-8094-8C0A325E5F64}
	EndGlobalSection
EndGlobal
